
Microsoft Visual Studio Solution File, Format Version 12.00
# Visual Studio Version 16
VisualStudioVersion = 16.0.33328.57
MinimumVisualStudioVersion = 10.0.40219.1
Project("{FAE04EC0-301F-11D3-BF4B-00C04F79EFBC}") = "MASUInstaller", "WebInstaller\MASUInstaller.csproj", "{5F975F11-E02F-43B6-B39D-7D62B3C74F44}"
EndProject
Global
	GlobalSection(SolutionConfigurationPlatforms) = preSolution
		Debug|Any CPU = Debug|Any CPU
		Release|Any CPU = Release|Any CPU
	EndGlobalSection
	GlobalSection(ProjectConfigurationPlatforms) = postSolution
		{5F975F11-E02F-43B6-B39D-7D62B3C74F44}.Debug|Any CPU.ActiveCfg = Debug|Any CPU
		{5F975F11-E02F-43B6-B39D-7D62B3C74F44}.Debug|Any CPU.Build.0 = Debug|Any CPU
		{5F975F11-E02F-43B6-B39D-7D62B3C74F44}.Release|Any CPU.ActiveCfg = Release|Any CPU
		{5F975F11-E02F-43B6-B39D-7D62B3C74F44}.Release|Any CPU.Build.0 = Release|Any CPU
	EndGlobalSection
	GlobalSection(SolutionProperties) = preSolution
		HideSolutionNode = FALSE
	EndGlobalSection
	GlobalSection(ExtensibilityGlobals) = postSolution
		SolutionGuid = {4A65B8F7-85C0-4A68-9DD6-0682F02D1525}
	EndGlobalSection
EndGlobal
